
Microsoft Visual Studio Solution File, Format Version 12.00
# Visual Studio Version 17
VisualStudioVersion = 17.6.33815.320
MinimumVisualStudioVersion = 10.0.40219.1
Project("{FAE04EC0-301F-11D3-BF4B-00C04F79EFBC}") = "API", "API\API.csproj", "{D3545FFB-6ABF-436D-AE7D-BF980460B7EC}"
EndProject
Project("{FAE04EC0-301F-11D3-BF4B-00C04F79EFBC}") = "DAL", "DAL\DAL.csproj", "{183E81A1-8555-4170-B1AF-6DB445C9130C}"
EndProject
Project("{FAE04EC0-301F-11D3-BF4B-00C04F79EFBC}") = "BaseDB", "BaseDB\BaseDB.csproj", "{E4138156-4D88-4313-AE17-1E25723BF2D5}"
EndProject
Project("{FAE04EC0-301F-11D3-BF4B-00C04F79EFBC}") = "ModelBuilderConfig", "ModelBuilderConfig\ModelBuilderConfig.csproj", "{DF2FAB35-7CE4-460B-90D8-48D7621806E8}"
EndProject
Project("{FAE04EC0-301F-11D3-BF4B-00C04F79EFBC}") = "TenantConfiguration", "TenantConfiguration\TenantConfiguration.csproj", "{931B30C4-3B27-45ED-82B3-7A66932BCA0C}"
EndProject
Project("{FAE04EC0-301F-11D3-BF4B-00C04F79EFBC}") = "Contracts", "Contracts\Contracts.csproj", "{C60E41B0-A379-4CA5-91FD-299EAA315450}"
EndProject
Project("{FAE04EC0-301F-11D3-BF4B-00C04F79EFBC}") = "CoreServices", "CoreServices\CoreServices.csproj", "{CD3BA513-5822-4F5A-97EC-986E1B5BD8CF}"
EndProject
Project("{FAE04EC0-301F-11D3-BF4B-00C04F79EFBC}") = "Entities", "Entities\Entities.csproj", "{72999808-BCA2-46A1-B836-70D7CE968A29}"
EndProject
Project("{FAE04EC0-301F-11D3-BF4B-00C04F79EFBC}") = "LoggerService", "LoggerService\LoggerService.csproj", "{B511E098-63F0-49CF-A60F-B58E75858E4F}"
EndProject
Project("{FAE04EC0-301F-11D3-BF4B-00C04F79EFBC}") = "Repository", "Repository\Repository.csproj", "{37EB70E7-F6EB-4EDB-BFB5-C6F8A007129C}"
EndProject
Project("{FAE04EC0-301F-11D3-BF4B-00C04F79EFBC}") = "Services", "Services\Services.csproj", "{AD7C4760-87A7-4656-A579-89397155F82A}"
EndProject
Project("{2150E333-8FDC-42A3-9474-1A3956D46DE8}") = "SolutionItems", "SolutionItems", "{319BC2B3-B044-40C2-AFBF-C995478A8BE4}"
EndProject
Project("{2150E333-8FDC-42A3-9474-1A3956D46DE8}") = "DataAccessLayers", "DataAccessLayers", "{5042F4B5-82EA-4676-8A6E-18DCBBC56BE1}"
EndProject
Project("{2150E333-8FDC-42A3-9474-1A3956D46DE8}") = "DB", "DB", "{CACF3BA8-660F-446F-BFD8-692F5268A767}"
EndProject
Global
	GlobalSection(SolutionConfigurationPlatforms) = preSolution
		Debug|Any CPU = Debug|Any CPU
		Release|Any CPU = Release|Any CPU
	EndGlobalSection
	GlobalSection(ProjectConfigurationPlatforms) = postSolution
		{D3545FFB-6ABF-436D-AE7D-BF980460B7EC}.Debug|Any CPU.ActiveCfg = Debug|Any CPU
		{D3545FFB-6ABF-436D-AE7D-BF980460B7EC}.Debug|Any CPU.Build.0 = Debug|Any CPU
		{D3545FFB-6ABF-436D-AE7D-BF980460B7EC}.Release|Any CPU.ActiveCfg = Release|Any CPU
		{D3545FFB-6ABF-436D-AE7D-BF980460B7EC}.Release|Any CPU.Build.0 = Release|Any CPU
		{183E81A1-8555-4170-B1AF-6DB445C9130C}.Debug|Any CPU.ActiveCfg = Debug|Any CPU
		{183E81A1-8555-4170-B1AF-6DB445C9130C}.Debug|Any CPU.Build.0 = Debug|Any CPU
		{183E81A1-8555-4170-B1AF-6DB445C9130C}.Release|Any CPU.ActiveCfg = Release|Any CPU
		{183E81A1-8555-4170-B1AF-6DB445C9130C}.Release|Any CPU.Build.0 = Release|Any CPU
		{E4138156-4D88-4313-AE17-1E25723BF2D5}.Debug|Any CPU.ActiveCfg = Debug|Any CPU
		{E4138156-4D88-4313-AE17-1E25723BF2D5}.Debug|Any CPU.Build.0 = Debug|Any CPU
		{E4138156-4D88-4313-AE17-1E25723BF2D5}.Release|Any CPU.ActiveCfg = Release|Any CPU
		{E4138156-4D88-4313-AE17-1E25723BF2D5}.Release|Any CPU.Build.0 = Release|Any CPU
		{DF2FAB35-7CE4-460B-90D8-48D7621806E8}.Debug|Any CPU.ActiveCfg = Debug|Any CPU
		{DF2FAB35-7CE4-460B-90D8-48D7621806E8}.Debug|Any CPU.Build.0 = Debug|Any CPU
		{DF2FAB35-7CE4-460B-90D8-48D7621806E8}.Release|Any CPU.ActiveCfg = Release|Any CPU
		{DF2FAB35-7CE4-460B-90D8-48D7621806E8}.Release|Any CPU.Build.0 = Release|Any CPU
		{931B30C4-3B27-45ED-82B3-7A66932BCA0C}.Debug|Any CPU.ActiveCfg = Debug|Any CPU
		{931B30C4-3B27-45ED-82B3-7A66932BCA0C}.Debug|Any CPU.Build.0 = Debug|Any CPU
		{931B30C4-3B27-45ED-82B3-7A66932BCA0C}.Release|Any CPU.ActiveCfg = Release|Any CPU
		{931B30C4-3B27-45ED-82B3-7A66932BCA0C}.Release|Any CPU.Build.0 = Release|Any CPU
		{C60E41B0-A379-4CA5-91FD-299EAA315450}.Debug|Any CPU.ActiveCfg = Debug|Any CPU
		{C60E41B0-A379-4CA5-91FD-299EAA315450}.Debug|Any CPU.Build.0 = Debug|Any CPU
		{C60E41B0-A379-4CA5-91FD-299EAA315450}.Release|Any CPU.ActiveCfg = Release|Any CPU
		{C60E41B0-A379-4CA5-91FD-299EAA315450}.Release|Any CPU.Build.0 = Release|Any CPU
		{CD3BA513-5822-4F5A-97EC-986E1B5BD8CF}.Debug|Any CPU.ActiveCfg = Debug|Any CPU
		{CD3BA513-5822-4F5A-97EC-986E1B5BD8CF}.Debug|Any CPU.Build.0 = Debug|Any CPU
		{CD3BA513-5822-4F5A-97EC-986E1B5BD8CF}.Release|Any CPU.ActiveCfg = Release|Any CPU
		{CD3BA513-5822-4F5A-97EC-986E1B5BD8CF}.Release|Any CPU.Build.0 = Release|Any CPU
		{72999808-BCA2-46A1-B836-70D7CE968A29}.Debug|Any CPU.ActiveCfg = Debug|Any CPU
		{72999808-BCA2-46A1-B836-70D7CE968A29}.Debug|Any CPU.Build.0 = Debug|Any CPU
		{72999808-BCA2-46A1-B836-70D7CE968A29}.Release|Any CPU.ActiveCfg = Release|Any CPU
		{72999808-BCA2-46A1-B836-70D7CE968A29}.Release|Any CPU.Build.0 = Release|Any CPU
		{B511E098-63F0-49CF-A60F-B58E75858E4F}.Debug|Any CPU.ActiveCfg = Debug|Any CPU
		{B511E098-63F0-49CF-A60F-B58E75858E4F}.Debug|Any CPU.Build.0 = Debug|Any CPU
		{B511E098-63F0-49CF-A60F-B58E75858E4F}.Release|Any CPU.ActiveCfg = Release|Any CPU
		{B511E098-63F0-49CF-A60F-B58E75858E4F}.Release|Any CPU.Build.0 = Release|Any CPU
		{37EB70E7-F6EB-4EDB-BFB5-C6F8A007129C}.Debug|Any CPU.ActiveCfg = Debug|Any CPU
		{37EB70E7-F6EB-4EDB-BFB5-C6F8A007129C}.Debug|Any CPU.Build.0 = Debug|Any CPU
		{37EB70E7-F6EB-4EDB-BFB5-C6F8A007129C}.Release|Any CPU.ActiveCfg = Release|Any CPU
		{37EB70E7-F6EB-4EDB-BFB5-C6F8A007129C}.Release|Any CPU.Build.0 = Release|Any CPU
		{AD7C4760-87A7-4656-A579-89397155F82A}.Debug|Any CPU.ActiveCfg = Debug|Any CPU
		{AD7C4760-87A7-4656-A579-89397155F82A}.Debug|Any CPU.Build.0 = Debug|Any CPU
		{AD7C4760-87A7-4656-A579-89397155F82A}.Release|Any CPU.ActiveCfg = Release|Any CPU
		{AD7C4760-87A7-4656-A579-89397155F82A}.Release|Any CPU.Build.0 = Release|Any CPU
	EndGlobalSection
	GlobalSection(SolutionProperties) = preSolution
		HideSolutionNode = FALSE
	EndGlobalSection
	GlobalSection(ExtensibilityGlobals) = postSolution
		SolutionGuid = {97E494F1-E05F-439A-AC43-0707F34F938E}
	EndGlobalSection
	GlobalSection(NestedProjects) = preSolution
		{C60E41B0-A379-4CA5-91FD-299EAA315450} = {319BC2B3-B044-40C2-AFBF-C995478A8BE4}
		{CD3BA513-5822-4F5A-97EC-986E1B5BD8CF} = {319BC2B3-B044-40C2-AFBF-C995478A8BE4}
		{72999808-BCA2-46A1-B836-70D7CE968A29} = {319BC2B3-B044-40C2-AFBF-C995478A8BE4}
		{B511E098-63F0-49CF-A60F-B58E75858E4F} = {319BC2B3-B044-40C2-AFBF-C995478A8BE4}
		{37EB70E7-F6EB-4EDB-BFB5-C6F8A007129C} = {319BC2B3-B044-40C2-AFBF-C995478A8BE4}
		{AD7C4760-87A7-4656-A579-89397155F82A} = {319BC2B3-B044-40C2-AFBF-C995478A8BE4}
		{183E81A1-8555-4170-B1AF-6DB445C9130C} = {5042F4B5-82EA-4676-8A6E-18DCBBC56BE1}
		{E4138156-4D88-4313-AE17-1E25723BF2D5} = {CACF3BA8-660F-446F-BFD8-692F5268A767}
		{DF2FAB35-7CE4-460B-90D8-48D7621806E8} = {CACF3BA8-660F-446F-BFD8-692F5268A767}
	EndGlobalSection
EndGlobal
